
Microsoft Visual Studio Solution File, Format Version 12.00
# Visual Studio Version 16
VisualStudioVersion = 16.0.31829.152
MinimumVisualStudioVersion = 10.0.40219.1
Project("{FAE04EC0-301F-11D3-BF4B-00C04F79EFBC}") = "ProductsEntityModel", "ProductsEntityModel\ProductsEntityModel.csproj", "{CF2DF10B-FCF7-48DF-A0A0-13D74412D205}"
EndProject
Project("{FAE04EC0-301F-11D3-BF4B-00C04F79EFBC}") = "ProductsService", "ProductsService\ProductsService.csproj", "{F54EF0FE-EB5E-42E5-9E31-5AF9A50BCE38}"
EndProject
Project("{FAE04EC0-301F-11D3-BF4B-00C04F79EFBC}") = "ProductsClient1", "ProductsClient1\ProductsClient1.csproj", "{599415F0-9270-40C1-AA28-D98420D10311}"
	ProjectSection(ProjectDependencies) = postProject
		{F54EF0FE-EB5E-42E5-9E31-5AF9A50BCE38} = {F54EF0FE-EB5E-42E5-9E31-5AF9A50BCE38}
	EndProjectSection
EndProject
Project("{FAE04EC0-301F-11D3-BF4B-00C04F79EFBC}") = "ProductsClient2", "ProductsClient2\ProductsClient2.csproj", "{47B4E2A2-C8DE-412F-84C9-6932DDA426BD}"
	ProjectSection(ProjectDependencies) = postProject
		{F54EF0FE-EB5E-42E5-9E31-5AF9A50BCE38} = {F54EF0FE-EB5E-42E5-9E31-5AF9A50BCE38}
	EndProjectSection
EndProject
Global
	GlobalSection(SolutionConfigurationPlatforms) = preSolution
		Debug|Any CPU = Debug|Any CPU
		Release|Any CPU = Release|Any CPU
	EndGlobalSection
	GlobalSection(ProjectConfigurationPlatforms) = postSolution
		{CF2DF10B-FCF7-48DF-A0A0-13D74412D205}.Debug|Any CPU.ActiveCfg = Debug|Any CPU
		{CF2DF10B-FCF7-48DF-A0A0-13D74412D205}.Debug|Any CPU.Build.0 = Debug|Any CPU
		{CF2DF10B-FCF7-48DF-A0A0-13D74412D205}.Release|Any CPU.ActiveCfg = Release|Any CPU
		{CF2DF10B-FCF7-48DF-A0A0-13D74412D205}.Release|Any CPU.Build.0 = Release|Any CPU
		{F54EF0FE-EB5E-42E5-9E31-5AF9A50BCE38}.Debug|Any CPU.ActiveCfg = Debug|Any CPU
		{F54EF0FE-EB5E-42E5-9E31-5AF9A50BCE38}.Debug|Any CPU.Build.0 = Debug|Any CPU
		{F54EF0FE-EB5E-42E5-9E31-5AF9A50BCE38}.Release|Any CPU.ActiveCfg = Release|Any CPU
		{F54EF0FE-EB5E-42E5-9E31-5AF9A50BCE38}.Release|Any CPU.Build.0 = Release|Any CPU
		{599415F0-9270-40C1-AA28-D98420D10311}.Debug|Any CPU.ActiveCfg = Debug|Any CPU
		{599415F0-9270-40C1-AA28-D98420D10311}.Debug|Any CPU.Build.0 = Debug|Any CPU
		{599415F0-9270-40C1-AA28-D98420D10311}.Release|Any CPU.ActiveCfg = Release|Any CPU
		{599415F0-9270-40C1-AA28-D98420D10311}.Release|Any CPU.Build.0 = Release|Any CPU
		{47B4E2A2-C8DE-412F-84C9-6932DDA426BD}.Debug|Any CPU.ActiveCfg = Debug|Any CPU
		{47B4E2A2-C8DE-412F-84C9-6932DDA426BD}.Debug|Any CPU.Build.0 = Debug|Any CPU
		{47B4E2A2-C8DE-412F-84C9-6932DDA426BD}.Release|Any CPU.ActiveCfg = Release|Any CPU
		{47B4E2A2-C8DE-412F-84C9-6932DDA426BD}.Release|Any CPU.Build.0 = Release|Any CPU
	EndGlobalSection
	GlobalSection(SolutionProperties) = preSolution
		HideSolutionNode = FALSE
	EndGlobalSection
	GlobalSection(ExtensibilityGlobals) = postSolution
		SolutionGuid = {5BD5A059-42C5-4389-9EE3-AB5E1E6A8543}
	EndGlobalSection
EndGlobal
